// !$*UTF8*$!
{
	archiveVersion = 1;
	classes = {
	};
	objectVersion = 46;
	objects = {

/* Begin PBXBuildFile section */
		072AF9E717F879EF0031C89F /* FlashCards.m in Sources */ = {isa = PBXBuildFile; fileRef = 074D892217AA1BD500985CD3 /* FlashCards.m */; };
		072AF9E817F87A210031C89F /* CardSprite.m in Sources */ = {isa = PBXBuildFile; fileRef = 074D895F17AA7CAB00985CD3 /* CardSprite.m */; };
		072AF9ED17F8BE2B0031C89F /* LessonController.m in Sources */ = {isa = PBXBuildFile; fileRef = 072AF9EC17F8BE2B0031C89F /* LessonController.m */; };
		072AF9EE17F8BE2B0031C89F /* LessonController.m in Sources */ = {isa = PBXBuildFile; fileRef = 072AF9EC17F8BE2B0031C89F /* LessonController.m */; };
		074D877717AA1BD300985CD3 /* QuartzCore.framework in Frameworks */ = {isa = PBXBuildFile; fileRef = 074D877617AA1BD300985CD3 /* QuartzCore.framework */; };
		074D877917AA1BD300985CD3 /* OpenGLES.framework in Frameworks */ = {isa = PBXBuildFile; fileRef = 074D877817AA1BD300985CD3 /* OpenGLES.framework */; };
		074D877B17AA1BD300985CD3 /* OpenAL.framework in Frameworks */ = {isa = PBXBuildFile; fileRef = 074D877A17AA1BD300985CD3 /* OpenAL.framework */; };
		074D877D17AA1BD300985CD3 /* AudioToolbox.framework in Frameworks */ = {isa = PBXBuildFile; fileRef = 074D877C17AA1BD300985CD3 /* AudioToolbox.framework */; };
		074D877F17AA1BD300985CD3 /* AVFoundation.framework in Frameworks */ = {isa = PBXBuildFile; fileRef = 074D877E17AA1BD300985CD3 /* AVFoundation.framework */; };
		074D878117AA1BD300985CD3 /* UIKit.framework in Frameworks */ = {isa = PBXBuildFile; fileRef = 074D878017AA1BD300985CD3 /* UIKit.framework */; };
		074D878317AA1BD300985CD3 /* Foundation.framework in Frameworks */ = {isa = PBXBuildFile; fileRef = 074D878217AA1BD300985CD3 /* Foundation.framework */; };
		074D878517AA1BD300985CD3 /* CoreGraphics.framework in Frameworks */ = {isa = PBXBuildFile; fileRef = 074D878417AA1BD300985CD3 /* CoreGraphics.framework */; };
		074D878717AA1BD300985CD3 /* CoreText.framework in Frameworks */ = {isa = PBXBuildFile; fileRef = 074D878617AA1BD300985CD3 /* CoreText.framework */; };
		074D878917AA1BD300985CD3 /* GameKit.framework in Frameworks */ = {isa = PBXBuildFile; fileRef = 074D878817AA1BD300985CD3 /* GameKit.framework */; };
		074D878D17AA1BD300985CD3 /* Default.png in Resources */ = {isa = PBXBuildFile; fileRef = 074D878C17AA1BD300985CD3 /* Default.png */; };
		074D878F17AA1BD300985CD3 /* Default@2x.png in Resources */ = {isa = PBXBuildFile; fileRef = 074D878E17AA1BD300985CD3 /* Default@2x.png */; };
		074D879117AA1BD300985CD3 /* Default-568h@2x.png in Resources */ = {isa = PBXBuildFile; fileRef = 074D879017AA1BD300985CD3 /* Default-568h@2x.png */; };
		074D879317AA1BD300985CD3 /* Default-Landscape~ipad.png in Resources */ = {isa = PBXBuildFile; fileRef = 074D879217AA1BD300985CD3 /* Default-Landscape~ipad.png */; };
		074D879517AA1BD300985CD3 /* Icon-72.png in Resources */ = {isa = PBXBuildFile; fileRef = 074D879417AA1BD300985CD3 /* Icon-72.png */; };
		074D879717AA1BD300985CD3 /* Icon-Small-50.png in Resources */ = {isa = PBXBuildFile; fileRef = 074D879617AA1BD300985CD3 /* Icon-Small-50.png */; };
		074D879917AA1BD300985CD3 /* Icon-Small.png in Resources */ = {isa = PBXBuildFile; fileRef = 074D879817AA1BD300985CD3 /* Icon-Small.png */; };
		074D879B17AA1BD300985CD3 /* Icon-Small@2x.png in Resources */ = {isa = PBXBuildFile; fileRef = 074D879A17AA1BD300985CD3 /* Icon-Small@2x.png */; };
		074D879D17AA1BD300985CD3 /* Icon.png in Resources */ = {isa = PBXBuildFile; fileRef = 074D879C17AA1BD300985CD3 /* Icon.png */; };
		074D879F17AA1BD300985CD3 /* Icon@2x.png in Resources */ = {isa = PBXBuildFile; fileRef = 074D879E17AA1BD300985CD3 /* Icon@2x.png */; };
		074D87A217AA1BD300985CD3 /* iTunesArtwork in Resources */ = {isa = PBXBuildFile; fileRef = 074D87A117AA1BD300985CD3 /* iTunesArtwork */; };
		074D891A17AA1BD500985CD3 /* main.m in Sources */ = {isa = PBXBuildFile; fileRef = 074D891917AA1BD500985CD3 /* main.m */; };
		074D891D17AA1BD500985CD3 /* AppDelegate.m in Sources */ = {isa = PBXBuildFile; fileRef = 074D891C17AA1BD500985CD3 /* AppDelegate.m */; };
		074D892317AA1BD500985CD3 /* FlashCards.m in Sources */ = {isa = PBXBuildFile; fileRef = 074D892217AA1BD500985CD3 /* FlashCards.m */; };
		074D895817AA20A500985CD3 /* background.jpg in Resources */ = {isa = PBXBuildFile; fileRef = 074D895717AA20A500985CD3 /* background.jpg */; };
		074D896017AA7CAB00985CD3 /* CardSprite.m in Sources */ = {isa = PBXBuildFile; fileRef = 074D895F17AA7CAB00985CD3 /* CardSprite.m */; };
		074D896417AA818C00985CD3 /* Enemy Bug.png in Resources */ = {isa = PBXBuildFile; fileRef = 074D896317AA818C00985CD3 /* Enemy Bug.png */; };
		074D896817AA822000985CD3 /* Card.m in Sources */ = {isa = PBXBuildFile; fileRef = 074D896717AA822000985CD3 /* Card.m */; };
		077096A518098EC4003435FC /* PlayClueCommandSpec.m in Sources */ = {isa = PBXBuildFile; fileRef = 077096A318098EC4003435FC /* PlayClueCommandSpec.m */; };
		077096AA1809D423003435FC /* SchedulerWrapper.m in Sources */ = {isa = PBXBuildFile; fileRef = 077096A91809D423003435FC /* SchedulerWrapper.m */; };
		077096AC180AC6BA003435FC /* LessonControllerSpec.m in Sources */ = {isa = PBXBuildFile; fileRef = 077096AB180AC6BA003435FC /* LessonControllerSpec.m */; };
		077096AD180ACBD8003435FC /* SchedulerWrapper.m in Sources */ = {isa = PBXBuildFile; fileRef = 077096A91809D423003435FC /* SchedulerWrapper.m */; };
		07ACF0E41808C82200F8B3F5 /* PlayClueCommand.m in Sources */ = {isa = PBXBuildFile; fileRef = 07ACF0E31808C82200F8B3F5 /* PlayClueCommand.m */; };
		07ACF0E51808C82200F8B3F5 /* PlayClueCommand.m in Sources */ = {isa = PBXBuildFile; fileRef = 07ACF0E31808C82200F8B3F5 /* PlayClueCommand.m */; };
		07B6E64B180E2DB000CDF147 /* background-ipadhd.jpg in Resources */ = {isa = PBXBuildFile; fileRef = 07B6E64A180E2DB000CDF147 /* background-ipadhd.jpg */; };
		07B6E64D180E390D00CDF147 /* Enemy Bug-ipadhd.png in Resources */ = {isa = PBXBuildFile; fileRef = 07B6E64C180E390D00CDF147 /* Enemy Bug-ipadhd.png */; };
		07B6E64F180E396800CDF147 /* Star-ipadhd.png in Resources */ = {isa = PBXBuildFile; fileRef = 07B6E64E180E396800CDF147 /* Star-ipadhd.png */; };
		07B6E651180E399000CDF147 /* Tree Tall-ipadhd.png in Resources */ = {isa = PBXBuildFile; fileRef = 07B6E650180E399000CDF147 /* Tree Tall-ipadhd.png */; };
		07B6E654180EB80200CDF147 /* lost-stuff.mp3 in Resources */ = {isa = PBXBuildFile; fileRef = 07B6E653180EB80200CDF147 /* lost-stuff.mp3 */; };
		07B6E65C181004C000CDF147 /* mole.png in Resources */ = {isa = PBXBuildFile; fileRef = 07B6E65A181004C000CDF147 /* mole.png */; };
		07B6E65D181004C000CDF147 /* mole.png in Resources */ = {isa = PBXBuildFile; fileRef = 07B6E65A181004C000CDF147 /* mole.png */; };
		07B6E65E181004C000CDF147 /* mole-ipadhd.png in Resources */ = {isa = PBXBuildFile; fileRef = 07B6E65B181004C000CDF147 /* mole-ipadhd.png */; };
		07B6E65F181004C000CDF147 /* mole-ipadhd.png in Resources */ = {isa = PBXBuildFile; fileRef = 07B6E65B181004C000CDF147 /* mole-ipadhd.png */; };
		07DE97D917ABDC710013AFDC /* bug.mp3 in Resources */ = {isa = PBXBuildFile; fileRef = 07DE97D417ABDC710013AFDC /* bug.mp3 */; };
		07DE97DA17ABDC710013AFDC /* jump.wav in Resources */ = {isa = PBXBuildFile; fileRef = 07DE97D517ABDC710013AFDC /* jump.wav */; };
		07DE97DB17ABDC710013AFDC /* Powerup.wav in Resources */ = {isa = PBXBuildFile; fileRef = 07DE97D617ABDC710013AFDC /* Powerup.wav */; };
		07DE97DC17ABDC710013AFDC /* star.mp3 in Resources */ = {isa = PBXBuildFile; fileRef = 07DE97D717ABDC710013AFDC /* star.mp3 */; };
		07DE97DD17ABDC710013AFDC /* tree.mp3 in Resources */ = {isa = PBXBuildFile; fileRef = 07DE97D817ABDC710013AFDC /* tree.mp3 */; };
		07DE97EA17AD55FD0013AFDC /* FirstLesson.m in Sources */ = {isa = PBXBuildFile; fileRef = 07DE97E917AD55FD0013AFDC /* FirstLesson.m */; };
		07DE97F517AE802F0013AFDC /* StandardRandomNumberGenerator.m in Sources */ = {isa = PBXBuildFile; fileRef = 07DE97F417AE802F0013AFDC /* StandardRandomNumberGenerator.m */; };
		07DE980317AF294D0013AFDC /* CardLookupTable.m in Sources */ = {isa = PBXBuildFile; fileRef = 07DE980217AF294D0013AFDC /* CardLookupTable.m */; };
		07DE981517AF37AC0013AFDC /* Star.png in Resources */ = {isa = PBXBuildFile; fileRef = 07DE981317AF37AC0013AFDC /* Star.png */; };
		07DE981617AF37AC0013AFDC /* Tree Tall.png in Resources */ = {isa = PBXBuildFile; fileRef = 07DE981417AF37AC0013AFDC /* Tree Tall.png */; };
		07EFE79717F733F600244FB2 /* UIKit.framework in Frameworks */ = {isa = PBXBuildFile; fileRef = 074D878017AA1BD300985CD3 /* UIKit.framework */; };
		07EFE79817F733F600244FB2 /* Foundation.framework in Frameworks */ = {isa = PBXBuildFile; fileRef = 074D878217AA1BD300985CD3 /* Foundation.framework */; };
		07EFE79917F733F600244FB2 /* CoreGraphics.framework in Frameworks */ = {isa = PBXBuildFile; fileRef = 074D878417AA1BD300985CD3 /* CoreGraphics.framework */; };
		07EFE79F17F733F600244FB2 /* InfoPlist.strings in Resources */ = {isa = PBXBuildFile; fileRef = 07EFE79D17F733F600244FB2 /* InfoPlist.strings */; };
		07EFE7A117F733F600244FB2 /* main.m in Sources */ = {isa = PBXBuildFile; fileRef = 07EFE7A017F733F600244FB2 /* main.m */; };
		07EFE7B317F737FF00244FB2 /* CardSpec.m in Sources */ = {isa = PBXBuildFile; fileRef = 074D896917AA833D00985CD3 /* CardSpec.m */; };
		07EFE7B417F737FF00244FB2 /* FirstLessonSpec.m in Sources */ = {isa = PBXBuildFile; fileRef = 07DE97EC17AD58120013AFDC /* FirstLessonSpec.m */; };
		07EFE7B517F737FF00244FB2 /* StandardRandomNumberGeneratorSpec.m in Sources */ = {isa = PBXBuildFile; fileRef = 07DE97F117AE7F790013AFDC /* StandardRandomNumberGeneratorSpec.m */; };
		07EFE7B617F737FF00244FB2 /* CardLookupTableSpec.m in Sources */ = {isa = PBXBuildFile; fileRef = 07DE980017AF28890013AFDC /* CardLookupTableSpec.m */; };
		07EFE7B717F7381700244FB2 /* Card.m in Sources */ = {isa = PBXBuildFile; fileRef = 074D896717AA822000985CD3 /* Card.m */; };
		07EFE7B817F7381B00244FB2 /* FirstLesson.m in Sources */ = {isa = PBXBuildFile; fileRef = 07DE97E917AD55FD0013AFDC /* FirstLesson.m */; };
		07EFE7B917F7381E00244FB2 /* CardLookupTable.m in Sources */ = {isa = PBXBuildFile; fileRef = 07DE980217AF294D0013AFDC /* CardLookupTable.m */; };
		07EFE7BA17F7382100244FB2 /* StandardRandomNumberGenerator.m in Sources */ = {isa = PBXBuildFile; fileRef = 07DE97F417AE802F0013AFDC /* StandardRandomNumberGenerator.m */; };
		07EFE7BC17F7382F00244FB2 /* Default-568h@2x.png in Resources */ = {isa = PBXBuildFile; fileRef = 07EFE7BB17F7382F00244FB2 /* Default-568h@2x.png */; };
		0B99B2FE3C6240A58A812E62 /* libPods.a in Frameworks */ = {isa = PBXBuildFile; fileRef = C0008341FAFE428398A80D64 /* libPods.a */; };
		2FA2849014BE0B9E174D25EE /* .!13545!TemplateIcon.icns in Resources */ = {isa = PBXBuildFile; fileRef = 2FA28E7B90D1B8CB11C78F0D /* .!13545!TemplateIcon.icns */; };
		99D81961C4A348CFBF4C4EF5 /* libPods-test.a in Frameworks */ = {isa = PBXBuildFile; fileRef = 3C45B9C921F14FD1A546B942 /* libPods-test.a */; };
/* End PBXBuildFile section */

/* Begin PBXFileReference section */
		04EA5749873D4856ADDDAF27 /* libPods-Specs.a */ = {isa = PBXFileReference; explicitFileType = archive.ar; includeInIndex = 0; path = "libPods-Specs.a"; sourceTree = BUILT_PRODUCTS_DIR; };
		072AF9EB17F8BE2B0031C89F /* LessonController.h */ = {isa = PBXFileReference; fileEncoding = 4; lastKnownFileType = sourcecode.c.h; path = LessonController.h; sourceTree = "<group>"; };
		072AF9EC17F8BE2B0031C89F /* LessonController.m */ = {isa = PBXFileReference; fileEncoding = 4; lastKnownFileType = sourcecode.c.objc; path = LessonController.m; sourceTree = "<group>"; };
		074D877317AA1BD300985CD3 /* FlashCardsiOS.app */ = {isa = PBXFileReference; explicitFileType = wrapper.application; includeInIndex = 0; path = FlashCardsiOS.app; sourceTree = BUILT_PRODUCTS_DIR; };
		074D877617AA1BD300985CD3 /* QuartzCore.framework */ = {isa = PBXFileReference; lastKnownFileType = wrapper.framework; name = QuartzCore.framework; path = System/Library/Frameworks/QuartzCore.framework; sourceTree = SDKROOT; };
		074D877817AA1BD300985CD3 /* OpenGLES.framework */ = {isa = PBXFileReference; lastKnownFileType = wrapper.framework; name = OpenGLES.framework; path = System/Library/Frameworks/OpenGLES.framework; sourceTree = SDKROOT; };
		074D877A17AA1BD300985CD3 /* OpenAL.framework */ = {isa = PBXFileReference; lastKnownFileType = wrapper.framework; name = OpenAL.framework; path = System/Library/Frameworks/OpenAL.framework; sourceTree = SDKROOT; };
		074D877C17AA1BD300985CD3 /* AudioToolbox.framework */ = {isa = PBXFileReference; lastKnownFileType = wrapper.framework; name = AudioToolbox.framework; path = System/Library/Frameworks/AudioToolbox.framework; sourceTree = SDKROOT; };
		074D877E17AA1BD300985CD3 /* AVFoundation.framework */ = {isa = PBXFileReference; lastKnownFileType = wrapper.framework; name = AVFoundation.framework; path = System/Library/Frameworks/AVFoundation.framework; sourceTree = SDKROOT; };
		074D878017AA1BD300985CD3 /* UIKit.framework */ = {isa = PBXFileReference; lastKnownFileType = wrapper.framework; name = UIKit.framework; path = System/Library/Frameworks/UIKit.framework; sourceTree = SDKROOT; };
		074D878217AA1BD300985CD3 /* Foundation.framework */ = {isa = PBXFileReference; lastKnownFileType = wrapper.framework; name = Foundation.framework; path = System/Library/Frameworks/Foundation.framework; sourceTree = SDKROOT; };
		074D878417AA1BD300985CD3 /* CoreGraphics.framework */ = {isa = PBXFileReference; lastKnownFileType = wrapper.framework; name = CoreGraphics.framework; path = System/Library/Frameworks/CoreGraphics.framework; sourceTree = SDKROOT; };
		074D878617AA1BD300985CD3 /* CoreText.framework */ = {isa = PBXFileReference; lastKnownFileType = wrapper.framework; name = CoreText.framework; path = System/Library/Frameworks/CoreText.framework; sourceTree = SDKROOT; };
		074D878817AA1BD300985CD3 /* GameKit.framework */ = {isa = PBXFileReference; lastKnownFileType = wrapper.framework; name = GameKit.framework; path = System/Library/Frameworks/GameKit.framework; sourceTree = SDKROOT; };
		074D878C17AA1BD300985CD3 /* Default.png */ = {isa = PBXFileReference; lastKnownFileType = image.png; name = Default.png; path = Resources/Default.png; sourceTree = "<group>"; };
		074D878E17AA1BD300985CD3 /* Default@2x.png */ = {isa = PBXFileReference; lastKnownFileType = image.png; name = "Default@2x.png"; path = "Resources/Default@2x.png"; sourceTree = "<group>"; };
		074D879017AA1BD300985CD3 /* Default-568h@2x.png */ = {isa = PBXFileReference; lastKnownFileType = image.png; name = "Default-568h@2x.png"; path = "Resources/Default-568h@2x.png"; sourceTree = "<group>"; };
		074D879217AA1BD300985CD3 /* Default-Landscape~ipad.png */ = {isa = PBXFileReference; lastKnownFileType = image.png; name = "Default-Landscape~ipad.png"; path = "Resources/Default-Landscape~ipad.png"; sourceTree = "<group>"; };
		074D879417AA1BD300985CD3 /* Icon-72.png */ = {isa = PBXFileReference; lastKnownFileType = image.png; name = "Icon-72.png"; path = "Resources/Icon-72.png"; sourceTree = "<group>"; };
		074D879617AA1BD300985CD3 /* Icon-Small-50.png */ = {isa = PBXFileReference; lastKnownFileType = image.png; name = "Icon-Small-50.png"; path = "Resources/Icon-Small-50.png"; sourceTree = "<group>"; };
		074D879817AA1BD300985CD3 /* Icon-Small.png */ = {isa = PBXFileReference; lastKnownFileType = image.png; name = "Icon-Small.png"; path = "Resources/Icon-Small.png"; sourceTree = "<group>"; };
		074D879A17AA1BD300985CD3 /* Icon-Small@2x.png */ = {isa = PBXFileReference; lastKnownFileType = image.png; name = "Icon-Small@2x.png"; path = "Resources/Icon-Small@2x.png"; sourceTree = "<group>"; };
		074D879C17AA1BD300985CD3 /* Icon.png */ = {isa = PBXFileReference; lastKnownFileType = image.png; name = Icon.png; path = Resources/Icon.png; sourceTree = "<group>"; };
		074D879E17AA1BD300985CD3 /* Icon@2x.png */ = {isa = PBXFileReference; lastKnownFileType = image.png; name = "Icon@2x.png"; path = "Resources/Icon@2x.png"; sourceTree = "<group>"; };
		074D87A017AA1BD300985CD3 /* Info.plist */ = {isa = PBXFileReference; lastKnownFileType = text.plist.xml; name = Info.plist; path = Resources/Info.plist; sourceTree = "<group>"; };
		074D87A117AA1BD300985CD3 /* iTunesArtwork */ = {isa = PBXFileReference; lastKnownFileType = file; name = iTunesArtwork; path = Resources/iTunesArtwork; sourceTree = "<group>"; };
		074D891817AA1BD500985CD3 /* Prefix.pch */ = {isa = PBXFileReference; lastKnownFileType = sourcecode.c.h; path = Prefix.pch; sourceTree = "<group>"; };
		074D891917AA1BD500985CD3 /* main.m */ = {isa = PBXFileReference; lastKnownFileType = sourcecode.c.objc; path = main.m; sourceTree = "<group>"; };
		074D891B17AA1BD500985CD3 /* AppDelegate.h */ = {isa = PBXFileReference; lastKnownFileType = sourcecode.c.h; path = AppDelegate.h; sourceTree = "<group>"; };
		074D891C17AA1BD500985CD3 /* AppDelegate.m */ = {isa = PBXFileReference; lastKnownFileType = sourcecode.c.objc; path = AppDelegate.m; sourceTree = "<group>"; };
		074D892117AA1BD500985CD3 /* FlashCards.h */ = {isa = PBXFileReference; lastKnownFileType = sourcecode.c.h; path = FlashCards.h; sourceTree = "<group>"; };
		074D892217AA1BD500985CD3 /* FlashCards.m */ = {isa = PBXFileReference; lastKnownFileType = sourcecode.c.objc; path = FlashCards.m; sourceTree = "<group>"; };
		074D895717AA20A500985CD3 /* background.jpg */ = {isa = PBXFileReference; lastKnownFileType = image.jpeg; path = background.jpg; sourceTree = "<group>"; };
		074D895E17AA7CAB00985CD3 /* CardSprite.h */ = {isa = PBXFileReference; fileEncoding = 4; lastKnownFileType = sourcecode.c.h; path = CardSprite.h; sourceTree = "<group>"; };
		074D895F17AA7CAB00985CD3 /* CardSprite.m */ = {isa = PBXFileReference; fileEncoding = 4; lastKnownFileType = sourcecode.c.objc; path = CardSprite.m; sourceTree = "<group>"; };
		074D896317AA818C00985CD3 /* Enemy Bug.png */ = {isa = PBXFileReference; lastKnownFileType = image.png; path = "Enemy Bug.png"; sourceTree = "<group>"; };
		074D896617AA822000985CD3 /* Card.h */ = {isa = PBXFileReference; fileEncoding = 4; lastKnownFileType = sourcecode.c.h; path = Card.h; sourceTree = "<group>"; };
		074D896717AA822000985CD3 /* Card.m */ = {isa = PBXFileReference; fileEncoding = 4; lastKnownFileType = sourcecode.c.objc; path = Card.m; sourceTree = "<group>"; };
		074D896917AA833D00985CD3 /* CardSpec.m */ = {isa = PBXFileReference; fileEncoding = 4; lastKnownFileType = sourcecode.c.objc; name = CardSpec.m; path = ../Specs/CardSpec.m; sourceTree = "<group>"; };
		077096A318098EC4003435FC /* PlayClueCommandSpec.m */ = {isa = PBXFileReference; fileEncoding = 4; lastKnownFileType = sourcecode.c.objc; name = PlayClueCommandSpec.m; path = Specs/PlayClueCommandSpec.m; sourceTree = SOURCE_ROOT; };
		077096A61809D3D5003435FC /* Scheduler.h */ = {isa = PBXFileReference; lastKnownFileType = sourcecode.c.h; path = Scheduler.h; sourceTree = "<group>"; };
		077096A81809D423003435FC /* SchedulerWrapper.h */ = {isa = PBXFileReference; fileEncoding = 4; lastKnownFileType = sourcecode.c.h; path = SchedulerWrapper.h; sourceTree = "<group>"; };
		077096A91809D423003435FC /* SchedulerWrapper.m */ = {isa = PBXFileReference; fileEncoding = 4; lastKnownFileType = sourcecode.c.objc; path = SchedulerWrapper.m; sourceTree = "<group>"; };
		077096AB180AC6BA003435FC /* LessonControllerSpec.m */ = {isa = PBXFileReference; fileEncoding = 4; lastKnownFileType = sourcecode.c.objc; name = LessonControllerSpec.m; path = Specs/LessonControllerSpec.m; sourceTree = SOURCE_ROOT; };
		07ACF0E21808C82200F8B3F5 /* PlayClueCommand.h */ = {isa = PBXFileReference; fileEncoding = 4; lastKnownFileType = sourcecode.c.h; path = PlayClueCommand.h; sourceTree = "<group>"; };
		07ACF0E31808C82200F8B3F5 /* PlayClueCommand.m */ = {isa = PBXFileReference; fileEncoding = 4; lastKnownFileType = sourcecode.c.objc; path = PlayClueCommand.m; sourceTree = "<group>"; };
		07B6E64A180E2DB000CDF147 /* background-ipadhd.jpg */ = {isa = PBXFileReference; lastKnownFileType = image.jpeg; path = "background-ipadhd.jpg"; sourceTree = "<group>"; };
		07B6E64C180E390D00CDF147 /* Enemy Bug-ipadhd.png */ = {isa = PBXFileReference; lastKnownFileType = image.png; path = "Enemy Bug-ipadhd.png"; sourceTree = "<group>"; };
		07B6E64E180E396800CDF147 /* Star-ipadhd.png */ = {isa = PBXFileReference; lastKnownFileType = image.png; path = "Star-ipadhd.png"; sourceTree = "<group>"; };
		07B6E650180E399000CDF147 /* Tree Tall-ipadhd.png */ = {isa = PBXFileReference; lastKnownFileType = image.png; path = "Tree Tall-ipadhd.png"; sourceTree = "<group>"; };
		07B6E653180EB80200CDF147 /* lost-stuff.mp3 */ = {isa = PBXFileReference; lastKnownFileType = audio.mp3; name = "lost-stuff.mp3"; path = "Resources/lost-stuff.mp3"; sourceTree = "<group>"; };
		07B6E65A181004C000CDF147 /* mole.png */ = {isa = PBXFileReference; lastKnownFileType = image.png; name = mole.png; path = Resources/mole.png; sourceTree = "<group>"; };
		07B6E65B181004C000CDF147 /* mole-ipadhd.png */ = {isa = PBXFileReference; lastKnownFileType = image.png; name = "mole-ipadhd.png"; path = "Resources/mole-ipadhd.png"; sourceTree = "<group>"; };
		07DE97D417ABDC710013AFDC /* bug.mp3 */ = {isa = PBXFileReference; lastKnownFileType = audio.mp3; path = bug.mp3; sourceTree = "<group>"; };
		07DE97D517ABDC710013AFDC /* jump.wav */ = {isa = PBXFileReference; lastKnownFileType = audio.wav; path = jump.wav; sourceTree = "<group>"; };
		07DE97D617ABDC710013AFDC /* Powerup.wav */ = {isa = PBXFileReference; lastKnownFileType = audio.wav; path = Powerup.wav; sourceTree = "<group>"; };
		07DE97D717ABDC710013AFDC /* star.mp3 */ = {isa = PBXFileReference; lastKnownFileType = audio.mp3; path = star.mp3; sourceTree = "<group>"; };
		07DE97D817ABDC710013AFDC /* tree.mp3 */ = {isa = PBXFileReference; lastKnownFileType = audio.mp3; path = tree.mp3; sourceTree = "<group>"; };
		07DE97E617AD2D8D0013AFDC /* GameView.h */ = {isa = PBXFileReference; lastKnownFileType = sourcecode.c.h; path = GameView.h; sourceTree = "<group>"; };
		07DE97E717AD55480013AFDC /* Lesson.h */ = {isa = PBXFileReference; lastKnownFileType = sourcecode.c.h; path = Lesson.h; sourceTree = "<group>"; };
		07DE97E817AD55FD0013AFDC /* FirstLesson.h */ = {isa = PBXFileReference; fileEncoding = 4; lastKnownFileType = sourcecode.c.h; path = FirstLesson.h; sourceTree = "<group>"; };
		07DE97E917AD55FD0013AFDC /* FirstLesson.m */ = {isa = PBXFileReference; fileEncoding = 4; lastKnownFileType = sourcecode.c.objc; path = FirstLesson.m; sourceTree = "<group>"; };
		07DE97EC17AD58120013AFDC /* FirstLessonSpec.m */ = {isa = PBXFileReference; fileEncoding = 4; lastKnownFileType = sourcecode.c.objc; name = FirstLessonSpec.m; path = ../Specs/FirstLessonSpec.m; sourceTree = "<group>"; };
		07DE97EE17AD61A00013AFDC /* CardLookupFactory.h */ = {isa = PBXFileReference; lastKnownFileType = sourcecode.c.h; path = CardLookupFactory.h; sourceTree = "<group>"; };
		07DE97EF17AD651C0013AFDC /* RandomNumberGenerator.h */ = {isa = PBXFileReference; lastKnownFileType = sourcecode.c.h; path = RandomNumberGenerator.h; sourceTree = "<group>"; };
		07DE97F017AD667E0013AFDC /* CardLookupTable.h */ = {isa = PBXFileReference; lastKnownFileType = sourcecode.c.h; path = CardLookupTable.h; sourceTree = "<group>"; };
		07DE97F117AE7F790013AFDC /* StandardRandomNumberGeneratorSpec.m */ = {isa = PBXFileReference; fileEncoding = 4; lastKnownFileType = sourcecode.c.objc; name = StandardRandomNumberGeneratorSpec.m; path = ../Specs/StandardRandomNumberGeneratorSpec.m; sourceTree = "<group>"; };
		07DE97F317AE802E0013AFDC /* StandardRandomNumberGenerator.h */ = {isa = PBXFileReference; fileEncoding = 4; lastKnownFileType = sourcecode.c.h; path = StandardRandomNumberGenerator.h; sourceTree = "<group>"; };
		07DE97F417AE802F0013AFDC /* StandardRandomNumberGenerator.m */ = {isa = PBXFileReference; fileEncoding = 4; lastKnownFileType = sourcecode.c.objc; path = StandardRandomNumberGenerator.m; sourceTree = "<group>"; };
		07DE980017AF28890013AFDC /* CardLookupTableSpec.m */ = {isa = PBXFileReference; fileEncoding = 4; lastKnownFileType = sourcecode.c.objc; name = CardLookupTableSpec.m; path = ../Specs/CardLookupTableSpec.m; sourceTree = "<group>"; };
		07DE980217AF294D0013AFDC /* CardLookupTable.m */ = {isa = PBXFileReference; fileEncoding = 4; lastKnownFileType = sourcecode.c.objc; path = CardLookupTable.m; sourceTree = "<group>"; };
		07DE981317AF37AC0013AFDC /* Star.png */ = {isa = PBXFileReference; lastKnownFileType = image.png; path = Star.png; sourceTree = "<group>"; };
		07DE981417AF37AC0013AFDC /* Tree Tall.png */ = {isa = PBXFileReference; lastKnownFileType = image.png; path = "Tree Tall.png"; sourceTree = "<group>"; };
		07EFE79617F733F600244FB2 /* Specs.app */ = {isa = PBXFileReference; explicitFileType = wrapper.application; includeInIndex = 0; path = Specs.app; sourceTree = BUILT_PRODUCTS_DIR; };
		07EFE79C17F733F600244FB2 /* SpecsPods-Info.plist */ = {isa = PBXFileReference; lastKnownFileType = text.plist.xml; path = "SpecsPods-Info.plist"; sourceTree = "<group>"; };
		07EFE79E17F733F600244FB2 /* en */ = {isa = PBXFileReference; lastKnownFileType = text.plist.strings; name = en; path = en.lproj/InfoPlist.strings; sourceTree = "<group>"; };
		07EFE7A017F733F600244FB2 /* main.m */ = {isa = PBXFileReference; lastKnownFileType = sourcecode.c.objc; path = main.m; sourceTree = "<group>"; };
		07EFE7A217F733F600244FB2 /* SpecsPods-Prefix.pch */ = {isa = PBXFileReference; lastKnownFileType = sourcecode.c.h; path = "SpecsPods-Prefix.pch"; sourceTree = "<group>"; };
		07EFE7BB17F7382F00244FB2 /* Default-568h@2x.png */ = {isa = PBXFileReference; lastKnownFileType = image.png; path = "Default-568h@2x.png"; sourceTree = "<group>"; };
		07EFE7C217F739AB00244FB2 /* Cocoa.framework */ = {isa = PBXFileReference; lastKnownFileType = wrapper.framework; name = Cocoa.framework; path = Library/Frameworks/Cocoa.framework; sourceTree = DEVELOPER_DIR; };
		2FA28E7B90D1B8CB11C78F0D /* .!13545!TemplateIcon.icns */ = {isa = PBXFileReference; lastKnownFileType = image.icns; path = ".!13545!TemplateIcon.icns"; sourceTree = "<group>"; };
		385674D539444B7D952A1309 /* Pods-Specs.xcconfig */ = {isa = PBXFileReference; includeInIndex = 1; lastKnownFileType = text.xcconfig; name = "Pods-Specs.xcconfig"; path = "Pods/Pods-Specs.xcconfig"; sourceTree = SOURCE_ROOT; };
		3C45B9C921F14FD1A546B942 /* libPods-test.a */ = {isa = PBXFileReference; explicitFileType = archive.ar; includeInIndex = 0; path = "libPods-test.a"; sourceTree = BUILT_PRODUCTS_DIR; };
		A6E5FB40DE094BBE83EEE774 /* Pods.xcconfig */ = {isa = PBXFileReference; includeInIndex = 1; lastKnownFileType = text.xcconfig; name = Pods.xcconfig; path = Pods/Pods.xcconfig; sourceTree = "<group>"; };
		ABF285CC13FB4D8DAB2129C2 /* Pods-test.xcconfig */ = {isa = PBXFileReference; includeInIndex = 1; lastKnownFileType = text.xcconfig; name = "Pods-test.xcconfig"; path = "Pods/Pods-test.xcconfig"; sourceTree = SOURCE_ROOT; };
		C0008341FAFE428398A80D64 /* libPods.a */ = {isa = PBXFileReference; explicitFileType = archive.ar; includeInIndex = 0; path = libPods.a; sourceTree = BUILT_PRODUCTS_DIR; };
/* End PBXFileReference section */

/* Begin PBXFrameworksBuildPhase section */
		074D877017AA1BD300985CD3 /* Frameworks */ = {
			isa = PBXFrameworksBuildPhase;
			buildActionMask = 2147483647;
			files = (
				074D877717AA1BD300985CD3 /* QuartzCore.framework in Frameworks */,
				074D877917AA1BD300985CD3 /* OpenGLES.framework in Frameworks */,
				074D877B17AA1BD300985CD3 /* OpenAL.framework in Frameworks */,
				074D877D17AA1BD300985CD3 /* AudioToolbox.framework in Frameworks */,
				074D877F17AA1BD300985CD3 /* AVFoundation.framework in Frameworks */,
				074D878117AA1BD300985CD3 /* UIKit.framework in Frameworks */,
				074D878317AA1BD300985CD3 /* Foundation.framework in Frameworks */,
				074D878517AA1BD300985CD3 /* CoreGraphics.framework in Frameworks */,
				074D878717AA1BD300985CD3 /* CoreText.framework in Frameworks */,
				074D878917AA1BD300985CD3 /* GameKit.framework in Frameworks */,
				0B99B2FE3C6240A58A812E62 /* libPods.a in Frameworks */,
			);
			runOnlyForDeploymentPostprocessing = 0;
		};
		07EFE79217F733F600244FB2 /* Frameworks */ = {
			isa = PBXFrameworksBuildPhase;
			buildActionMask = 2147483647;
			files = (
				07EFE79717F733F600244FB2 /* UIKit.framework in Frameworks */,
				07EFE79817F733F600244FB2 /* Foundation.framework in Frameworks */,
				07EFE79917F733F600244FB2 /* CoreGraphics.framework in Frameworks */,
				99D81961C4A348CFBF4C4EF5 /* libPods-test.a in Frameworks */,
			);
			runOnlyForDeploymentPostprocessing = 0;
		};
/* End PBXFrameworksBuildPhase section */

/* Begin PBXGroup section */
		072AF9EA17F8BD530031C89F /* Controllers */ = {
			isa = PBXGroup;
			children = (
				072AF9EB17F8BE2B0031C89F /* LessonController.h */,
				072AF9EC17F8BE2B0031C89F /* LessonController.m */,
			);
			name = Controllers;
			sourceTree = "<group>";
		};
		074D876A17AA1BD300985CD3 = {
			isa = PBXGroup;
			children = (
				07EFE7BB17F7382F00244FB2 /* Default-568h@2x.png */,
				074D878A17AA1BD300985CD3 /* FlashCardsiOS */,
				07EFE79A17F733F600244FB2 /* Specs */,
				074D877517AA1BD300985CD3 /* Frameworks */,
				074D877417AA1BD300985CD3 /* Products */,
				385674D539444B7D952A1309 /* Pods-Specs.xcconfig */,
				ABF285CC13FB4D8DAB2129C2 /* Pods-test.xcconfig */,
				A6E5FB40DE094BBE83EEE774 /* Pods.xcconfig */,
			);
			sourceTree = "<group>";
		};
		074D877417AA1BD300985CD3 /* Products */ = {
			isa = PBXGroup;
			children = (
				074D877317AA1BD300985CD3 /* FlashCardsiOS.app */,
				07EFE79617F733F600244FB2 /* Specs.app */,
			);
			name = Products;
			sourceTree = "<group>";
		};
		074D877517AA1BD300985CD3 /* Frameworks */ = {
			isa = PBXGroup;
			children = (
				074D877617AA1BD300985CD3 /* QuartzCore.framework */,
				074D877817AA1BD300985CD3 /* OpenGLES.framework */,
				074D877A17AA1BD300985CD3 /* OpenAL.framework */,
				074D877C17AA1BD300985CD3 /* AudioToolbox.framework */,
				074D877E17AA1BD300985CD3 /* AVFoundation.framework */,
				074D878017AA1BD300985CD3 /* UIKit.framework */,
				074D878217AA1BD300985CD3 /* Foundation.framework */,
				074D878417AA1BD300985CD3 /* CoreGraphics.framework */,
				074D878617AA1BD300985CD3 /* CoreText.framework */,
				074D878817AA1BD300985CD3 /* GameKit.framework */,
				04EA5749873D4856ADDDAF27 /* libPods-Specs.a */,
				3C45B9C921F14FD1A546B942 /* libPods-test.a */,
				07EFE7C217F739AB00244FB2 /* Cocoa.framework */,
				C0008341FAFE428398A80D64 /* libPods.a */,
			);
			name = Frameworks;
			sourceTree = "<group>";
		};
		074D878A17AA1BD300985CD3 /* FlashCardsiOS */ = {
			isa = PBXGroup;
			children = (
				074D896517AA821000985CD3 /* Game */,
				074D895617AA1F0A00985CD3 /* CocosDependent */,
				074D878B17AA1BD300985CD3 /* Resources */,
				074D891717AA1BD500985CD3 /* Supporting Files */,
			);
			path = FlashCardsiOS;
			sourceTree = "<group>";
		};
		074D878B17AA1BD300985CD3 /* Resources */ = {
			isa = PBXGroup;
			children = (
				07B6E65A181004C000CDF147 /* mole.png */,
				07B6E65B181004C000CDF147 /* mole-ipadhd.png */,
				07B6E653180EB80200CDF147 /* lost-stuff.mp3 */,
				074D895717AA20A500985CD3 /* background.jpg */,
				07B6E64A180E2DB000CDF147 /* background-ipadhd.jpg */,
				07DE981317AF37AC0013AFDC /* Star.png */,
				07B6E64E180E396800CDF147 /* Star-ipadhd.png */,
				07DE981417AF37AC0013AFDC /* Tree Tall.png */,
				07B6E650180E399000CDF147 /* Tree Tall-ipadhd.png */,
				07DE97D417ABDC710013AFDC /* bug.mp3 */,
				07DE97D517ABDC710013AFDC /* jump.wav */,
				07DE97D617ABDC710013AFDC /* Powerup.wav */,
				07DE97D717ABDC710013AFDC /* star.mp3 */,
				07DE97D817ABDC710013AFDC /* tree.mp3 */,
				074D896317AA818C00985CD3 /* Enemy Bug.png */,
				07B6E64C180E390D00CDF147 /* Enemy Bug-ipadhd.png */,
				074D878C17AA1BD300985CD3 /* Default.png */,
				074D878E17AA1BD300985CD3 /* Default@2x.png */,
				074D879017AA1BD300985CD3 /* Default-568h@2x.png */,
				074D879217AA1BD300985CD3 /* Default-Landscape~ipad.png */,
				074D879417AA1BD300985CD3 /* Icon-72.png */,
				074D879617AA1BD300985CD3 /* Icon-Small-50.png */,
				074D879817AA1BD300985CD3 /* Icon-Small.png */,
				074D879A17AA1BD300985CD3 /* Icon-Small@2x.png */,
				074D879C17AA1BD300985CD3 /* Icon.png */,
				074D879E17AA1BD300985CD3 /* Icon@2x.png */,
				074D87A017AA1BD300985CD3 /* Info.plist */,
				074D87A117AA1BD300985CD3 /* iTunesArtwork */,
			);
			name = Resources;
			sourceTree = "<group>";
		};
		074D891717AA1BD500985CD3 /* Supporting Files */ = {
			isa = PBXGroup;
			children = (
				074D891817AA1BD500985CD3 /* Prefix.pch */,
				074D891917AA1BD500985CD3 /* main.m */,
			);
			name = "Supporting Files";
			sourceTree = "<group>";
		};
		074D895617AA1F0A00985CD3 /* CocosDependent */ = {
			isa = PBXGroup;
			children = (
				077096A71809D408003435FC /* Wrappers */,
				077096A61809D3D5003435FC /* Scheduler.h */,
				072AF9EA17F8BD530031C89F /* Controllers */,
				074D895A17AA7C8100985CD3 /* Sprites */,
				074D895917AA7C4000985CD3 /* Layers */,
				074D891B17AA1BD500985CD3 /* AppDelegate.h */,
				074D891C17AA1BD500985CD3 /* AppDelegate.m */,
			);
			name = CocosDependent;
			sourceTree = "<group>";
		};
		074D895917AA7C4000985CD3 /* Layers */ = {
			isa = PBXGroup;
			children = (
				074D892117AA1BD500985CD3 /* FlashCards.h */,
				074D892217AA1BD500985CD3 /* FlashCards.m */,
			);
			name = Layers;
			sourceTree = "<group>";
		};
		074D895A17AA7C8100985CD3 /* Sprites */ = {
			isa = PBXGroup;
			children = (
				074D895E17AA7CAB00985CD3 /* CardSprite.h */,
				074D895F17AA7CAB00985CD3 /* CardSprite.m */,
			);
			name = Sprites;
			sourceTree = "<group>";
		};
		074D896517AA821000985CD3 /* Game */ = {
			isa = PBXGroup;
			children = (
				074D896617AA822000985CD3 /* Card.h */,
				074D896717AA822000985CD3 /* Card.m */,
				07DE97E617AD2D8D0013AFDC /* GameView.h */,
				07DE97E717AD55480013AFDC /* Lesson.h */,
				07ACF0E21808C82200F8B3F5 /* PlayClueCommand.h */,
				07ACF0E31808C82200F8B3F5 /* PlayClueCommand.m */,
				07DE97E817AD55FD0013AFDC /* FirstLesson.h */,
				07DE97E917AD55FD0013AFDC /* FirstLesson.m */,
				07DE97EE17AD61A00013AFDC /* CardLookupFactory.h */,
				07DE97EF17AD651C0013AFDC /* RandomNumberGenerator.h */,
				07DE97F017AD667E0013AFDC /* CardLookupTable.h */,
				07DE980217AF294D0013AFDC /* CardLookupTable.m */,
				07DE97F317AE802E0013AFDC /* StandardRandomNumberGenerator.h */,
				07DE97F417AE802F0013AFDC /* StandardRandomNumberGenerator.m */,
			);
			name = Game;
			sourceTree = "<group>";
		};
		077096A218098C6E003435FC /* Controllers */ = {
			isa = PBXGroup;
			children = (
				077096AB180AC6BA003435FC /* LessonControllerSpec.m */,
			);
			name = Controllers;
			sourceTree = "<group>";
		};
		077096A71809D408003435FC /* Wrappers */ = {
			isa = PBXGroup;
			children = (
				077096A81809D423003435FC /* SchedulerWrapper.h */,
				077096A91809D423003435FC /* SchedulerWrapper.m */,
			);
			name = Wrappers;
			sourceTree = "<group>";
		};
		07B6E652180EB7C900CDF147 /* Game */ = {
			isa = PBXGroup;
			children = (
				077096A318098EC4003435FC /* PlayClueCommandSpec.m */,
				074D896917AA833D00985CD3 /* CardSpec.m */,
				07DE97EC17AD58120013AFDC /* FirstLessonSpec.m */,
				07DE97F117AE7F790013AFDC /* StandardRandomNumberGeneratorSpec.m */,
				07DE980017AF28890013AFDC /* CardLookupTableSpec.m */,
			);
			name = Game;
			sourceTree = "<group>";
		};
		07EFE79A17F733F600244FB2 /* Specs */ = {
			isa = PBXGroup;
			children = (
				07B6E652180EB7C900CDF147 /* Game */,
				07EFE79B17F733F600244FB2 /* Supporting Files */,
				2FA287579DF094229FAE9964 /* CocosDependent */,
			);
			name = Specs;
			path = SpecsPods;
			sourceTree = "<group>";
		};
		07EFE79B17F733F600244FB2 /* Supporting Files */ = {
			isa = PBXGroup;
			children = (
				07EFE79C17F733F600244FB2 /* SpecsPods-Info.plist */,
				07EFE79D17F733F600244FB2 /* InfoPlist.strings */,
				07EFE7A017F733F600244FB2 /* main.m */,
				07EFE7A217F733F600244FB2 /* SpecsPods-Prefix.pch */,
			);
			name = "Supporting Files";
			sourceTree = "<group>";
		};
		2FA287579DF094229FAE9964 /* CocosDependent */ = {
			isa = PBXGroup;
			children = (
				077096A218098C6E003435FC /* Controllers */,
				2FA287EB000853D0D6EDDAB8 /* Layers */,
			);
			path = CocosDependent;
			sourceTree = "<group>";
		};
		2FA287EB000853D0D6EDDAB8 /* Layers */ = {
			isa = PBXGroup;
			children = (
				2FA28E7B90D1B8CB11C78F0D /* .!13545!TemplateIcon.icns */,
			);
			path = Layers;
			sourceTree = "<group>";
		};
/* End PBXGroup section */

/* Begin PBXNativeTarget section */
		074D877217AA1BD300985CD3 /* FlashCardsiOS */ = {
			isa = PBXNativeTarget;
			buildConfigurationList = 074D892617AA1BD500985CD3 /* Build configuration list for PBXNativeTarget "FlashCardsiOS" */;
			buildPhases = (
				9AE3FD980936497A945C19C9 /* Check Pods Manifest.lock */,
				074D876F17AA1BD300985CD3 /* Sources */,
				074D877017AA1BD300985CD3 /* Frameworks */,
				074D877117AA1BD300985CD3 /* Resources */,
				367BBFDE09294F3785444E61 /* Copy Pods Resources */,
			);
			buildRules = (
			);
			dependencies = (
			);
			name = FlashCardsiOS;
			productName = FlashCardsiOS;
			productReference = 074D877317AA1BD300985CD3 /* FlashCardsiOS.app */;
			productType = "com.apple.product-type.application";
		};
		07EFE79517F733F600244FB2 /* Specs */ = {
			isa = PBXNativeTarget;
			buildConfigurationList = 07EFE7AA17F733F600244FB2 /* Build configuration list for PBXNativeTarget "Specs" */;
			buildPhases = (
				33BAB789CF7C40AA9D38A32F /* Check Pods Manifest.lock */,
				07EFE79117F733F600244FB2 /* Sources */,
				07EFE79217F733F600244FB2 /* Frameworks */,
				07EFE79317F733F600244FB2 /* Resources */,
				07EFE79417F733F600244FB2 /* ShellScript */,
				F4241BC30A81448C892FC06D /* Copy Pods Resources */,
			);
			buildRules = (
			);
			dependencies = (
			);
			name = Specs;
			productName = SpecsPods;
			productReference = 07EFE79617F733F600244FB2 /* Specs.app */;
			productType = "com.apple.product-type.application";
		};
/* End PBXNativeTarget section */

/* Begin PBXProject section */
		074D876B17AA1BD300985CD3 /* Project object */ = {
			isa = PBXProject;
			attributes = {
				LastUpgradeCheck = 0500;
				ORGANIZATIONNAME = "Eric Smith";
			};
			buildConfigurationList = 074D876E17AA1BD300985CD3 /* Build configuration list for PBXProject "FlashCardsiOS" */;
			compatibilityVersion = "Xcode 3.2";
			developmentRegion = English;
			hasScannedForEncodings = 0;
			knownRegions = (
				en,
			);
			mainGroup = 074D876A17AA1BD300985CD3;
			productRefGroup = 074D877417AA1BD300985CD3 /* Products */;
			projectDirPath = "";
			projectRoot = "";
			targets = (
				074D877217AA1BD300985CD3 /* FlashCardsiOS */,
				07EFE79517F733F600244FB2 /* Specs */,
			);
		};
/* End PBXProject section */

/* Begin PBXResourcesBuildPhase section */
		074D877117AA1BD300985CD3 /* Resources */ = {
			isa = PBXResourcesBuildPhase;
			buildActionMask = 2147483647;
			files = (
				07B6E65C181004C000CDF147 /* mole.png in Resources */,
				07B6E64F180E396800CDF147 /* Star-ipadhd.png in Resources */,
				074D878D17AA1BD300985CD3 /* Default.png in Resources */,
				074D878F17AA1BD300985CD3 /* Default@2x.png in Resources */,
				074D879117AA1BD300985CD3 /* Default-568h@2x.png in Resources */,
				074D879317AA1BD300985CD3 /* Default-Landscape~ipad.png in Resources */,
				07B6E654180EB80200CDF147 /* lost-stuff.mp3 in Resources */,
				074D879517AA1BD300985CD3 /* Icon-72.png in Resources */,
				074D879717AA1BD300985CD3 /* Icon-Small-50.png in Resources */,
				074D879917AA1BD300985CD3 /* Icon-Small.png in Resources */,
				07B6E65E181004C000CDF147 /* mole-ipadhd.png in Resources */,
				074D879B17AA1BD300985CD3 /* Icon-Small@2x.png in Resources */,
				074D879D17AA1BD300985CD3 /* Icon.png in Resources */,
				074D879F17AA1BD300985CD3 /* Icon@2x.png in Resources */,
				07B6E651180E399000CDF147 /* Tree Tall-ipadhd.png in Resources */,
				074D87A217AA1BD300985CD3 /* iTunesArtwork in Resources */,
				074D895817AA20A500985CD3 /* background.jpg in Resources */,
				074D896417AA818C00985CD3 /* Enemy Bug.png in Resources */,
				07DE97D917ABDC710013AFDC /* bug.mp3 in Resources */,
				07DE97DA17ABDC710013AFDC /* jump.wav in Resources */,
				07DE97DB17ABDC710013AFDC /* Powerup.wav in Resources */,
				07B6E64D180E390D00CDF147 /* Enemy Bug-ipadhd.png in Resources */,
				07DE97DC17ABDC710013AFDC /* star.mp3 in Resources */,
				07DE97DD17ABDC710013AFDC /* tree.mp3 in Resources */,
				07DE981517AF37AC0013AFDC /* Star.png in Resources */,
				07B6E64B180E2DB000CDF147 /* background-ipadhd.jpg in Resources */,
				07DE981617AF37AC0013AFDC /* Tree Tall.png in Resources */,
			);
			runOnlyForDeploymentPostprocessing = 0;
		};
		07EFE79317F733F600244FB2 /* Resources */ = {
			isa = PBXResourcesBuildPhase;
			buildActionMask = 2147483647;
			files = (
				07B6E65D181004C000CDF147 /* mole.png in Resources */,
				07EFE79F17F733F600244FB2 /* InfoPlist.strings in Resources */,
				07EFE7BC17F7382F00244FB2 /* Default-568h@2x.png in Resources */,
				07B6E65F181004C000CDF147 /* mole-ipadhd.png in Resources */,
				2FA2849014BE0B9E174D25EE /* .!13545!TemplateIcon.icns in Resources */,
			);
			runOnlyForDeploymentPostprocessing = 0;
		};
/* End PBXResourcesBuildPhase section */

/* Begin PBXShellScriptBuildPhase section */
		07EFE79417F733F600244FB2 /* ShellScript */ = {
			isa = PBXShellScriptBuildPhase;
			buildActionMask = 2147483647;
			files = (
			);
			inputPaths = (
			);
			outputPaths = (
			);
			runOnlyForDeploymentPostprocessing = 0;
			shellPath = /bin/sh;
			shellScript = "#!/bin/bash\n#  RunIPhoneUnitTest.sh\n#  Copyright 2008 Google Inc.\n#\n#  Licensed under the Apache License, Version 2.0 (the \"License\"); you may not\n#  use this file except in compliance with the License.  You may obtain a copy\n#  of the License at\n#\n#  http://www.apache.org/licenses/LICENSE-2.0\n#\n#  Unless required by applicable law or agreed to in writing, software\n#  distributed under the License is distributed on an \"AS IS\" BASIS, WITHOUT\n#  WARRANTIES OR CONDITIONS OF ANY KIND, either express or implied.  See the\n#  License for the specific language governing permissions and limitations under\n#  the License.\n#\n#  Runs all unittests through the iPhone simulator. We don't handle running them\n#  on the device. To run on the device just choose \"run\".\n\nset -o errexit\nset -o nounset\nset -o verbose\n\n#  Controlling environment variables:\n# GTM_DISABLE_ZOMBIES -\n#   Set to a non-zero value to turn on zombie checks. You will probably\n#   want to turn this off if you enable leaks.\nGTM_DISABLE_ZOMBIES=${GTM_DISABLE_ZOMBIES:=1}\n\n# GTM_ENABLE_LEAKS -\n#   Set to a non-zero value to turn on the leaks check. You will probably want\n#   to disable zombies, otherwise you will get a lot of false positives.\n\n# GTM_DISABLE_TERMINATION\n#   Set to a non-zero value so that the app doesn't terminate when it's finished\n#   running tests. This is useful when using it with external tools such\n#   as Instruments.\n\n# GTM_LEAKS_SYMBOLS_TO_IGNORE\n#   List of comma separated symbols that leaks should ignore. Mainly to control\n#   leaks in frameworks you don't have control over.\n#   Search this file for GTM_LEAKS_SYMBOLS_TO_IGNORE to see examples.\n#   Please feel free to add other symbols as you find them but make sure to\n#   reference Radars or other bug systems so we can track them.\n\n# GTM_REMOVE_GCOV_DATA\n#   Before starting the test, remove any *.gcda files for the current run so\n#   you won't get failures when the source file has changed and the data can't\n#   be merged.\n#\nGTM_REMOVE_GCOV_DATA=${GTM_REMOVE_GCOV_DATA:=0}\n\n# GTM_DISABLE_USERDIR_SETUP\n#   Controls whether or not CFFIXED_USER_HOME is erased and set up from scratch\n#   for you each time the script is run. In some cases you may have a wrapper\n#   script calling this one that takes care of that for us so you can set up\n#   a certain user configuration.\nGTM_DISABLE_USERDIR_SETUP=${GTM_DISABLE_USERDIR_SETUP:=0}\n\n# GTM_DISABLE_IPHONE_LAUNCH_DAEMONS\n#   Controls whether or not we launch up the iPhone Launch Daemons before\n#   we start testing. You need Launch Daemons to test anything that interacts\n#   with security.\nGTM_DISABLE_IPHONE_LAUNCH_DAEMONS=1 #${GTM_DISABLE_IPHONE_LAUNCH_DAEMONS:=0}\n\nScriptDir=$(dirname \"$(echo $0 | sed -e \"s,^\\([^/]\\),$(pwd)/\\1,\")\")\nScriptName=$(basename \"$0\")\nThisScript=\"${ScriptDir}/${ScriptName}\"\n\nGTMXcodeNote() {\n    echo ${ThisScript}:${1}: note: GTM ${2}\n}\n\nif [ \"$PLATFORM_NAME\" == \"iphonesimulator\" ]; then\n# We kill the iPhone simulator because otherwise we run into issues where\n# the unittests fail becuase the simulator is currently running, and\n# at this time the iPhone SDK won't allow two simulators running at the same\n# time.\nset +e\n/usr/bin/killall \"iPhone Simulator\"\nset -e\n\nif [ $GTM_REMOVE_GCOV_DATA -ne 0 ]; then\nif [ \"${OBJECT_FILE_DIR}-${CURRENT_VARIANT}\" != \"-\" ]; then\nif [ -d \"${OBJECT_FILE_DIR}-${CURRENT_VARIANT}\" ]; then\nGTMXcodeNote ${LINENO} \"Removing any .gcda files\"\n(cd \"${OBJECT_FILE_DIR}-${CURRENT_VARIANT}\" && \\\nfind . -type f -name \"*.gcda\" -print0 | xargs -0 rm -f )\nfi\nfi\nfi\n\nexport DYLD_ROOT_PATH=\"$SDKROOT\"\nexport DYLD_FRAMEWORK_PATH=\"$CONFIGURATION_BUILD_DIR\"\nexport IPHONE_SIMULATOR_ROOT=\"$SDKROOT\"\nexport CFFIXED_USER_HOME=\"$TEMP_FILES_DIR/iPhone Simulator User Dir\"\n\n# See http://developer.apple.com/technotes/tn2004/tn2124.html for an\n# explanation of these environment variables.\n\n#export MallocScribble=YES\nexport MallocPreScribble=YES\n#export MallocGuardEdges=YES\n#export MallocStackLogging=YES\nexport NSAutoreleaseFreedObjectCheckEnabled=YES\n\n# Turn on the mostly undocumented OBJC_DEBUG stuff.\nexport OBJC_DEBUG_FRAGILE_SUPERCLASSES=YES\nexport OBJC_DEBUG_UNLOAD=YES\n# Turned off due to the amount of false positives from NS classes.\n# export OBJC_DEBUG_FINALIZERS=YES\nexport OBJC_DEBUG_NIL_SYNC=YES\nexport OBJC_PRINT_REPLACED_METHODS=NO\n\nif [ $GTM_DISABLE_ZOMBIES -eq 0 ]; then\nGTMXcodeNote ${LINENO} \"Enabling zombies\"\nexport CFZombieLevel=3\nexport NSZombieEnabled=YES\nfi\n\nif [ $GTM_DISABLE_USERDIR_SETUP -eq 0 ]; then\n# Cleanup user home directory\nif [ -d \"$CFFIXED_USER_HOME\" ]; then\nrm -rf \"$CFFIXED_USER_HOME\"\nfi\nmkdir \"$CFFIXED_USER_HOME\"\nmkdir \"$CFFIXED_USER_HOME/Documents\"\nmkdir -p \"$CFFIXED_USER_HOME/Library/Caches\"\nfi\n\n# 6251475 iPhone simulator leaks @ CFHTTPCookieStore shutdown if\n#         CFFIXED_USER_HOME empty\nGTM_LEAKS_SYMBOLS_TO_IGNORE=\"CFHTTPCookieStore\"\n\nif [ $GTM_DISABLE_IPHONE_LAUNCH_DAEMONS -eq 0 ]; then\n# If we want to test anything that interacts with the keychain, we need\n# securityd up and running. See RunIPhoneLaunchDaemons.sh for details.\nlaunchctl submit -l RunIPhoneLaunchDaemons -- \"${ScriptDir}/RunIPhoneLaunchDaemons.sh\" $IPHONE_SIMULATOR_ROOT $CFFIXED_USER_HOME\n# No matter how we exit, we want to shut down our launchctl job.\ntrap \"launchctl remove RunIPhoneLaunchDaemons\" INT TERM EXIT\nfi\n\n# Start our app.\n\"$TARGET_BUILD_DIR/$EXECUTABLE_PATH\" -RegisterForSystemEvents\n\nelse\nGTMXcodeNote ${LINENO} \"Skipping running of unittests for device build.\"\nfi\nexit 0";
		};
		33BAB789CF7C40AA9D38A32F /* Check Pods Manifest.lock */ = {
			isa = PBXShellScriptBuildPhase;
			buildActionMask = 2147483647;
			files = (
			);
			inputPaths = (
			);
			name = "Check Pods Manifest.lock";
			outputPaths = (
			);
			runOnlyForDeploymentPostprocessing = 0;
			shellPath = /bin/sh;
			shellScript = "diff \"${PODS_ROOT}/../Podfile.lock\" \"${PODS_ROOT}/Manifest.lock\" > /dev/null\nif [[ $? != 0 ]] ; then\n    cat << EOM\nerror: The sandbox is not in sync with the Podfile.lock. Run 'pod install' or update your CocoaPods installation.\nEOM\n    exit 1\nfi\n";
			showEnvVarsInLog = 0;
		};
		367BBFDE09294F3785444E61 /* Copy Pods Resources */ = {
			isa = PBXShellScriptBuildPhase;
			buildActionMask = 2147483647;
			files = (
			);
			inputPaths = (
			);
			name = "Copy Pods Resources";
			outputPaths = (
			);
			runOnlyForDeploymentPostprocessing = 0;
			shellPath = /bin/sh;
			shellScript = "\"${SRCROOT}/Pods/Pods-resources.sh\"\n";
			showEnvVarsInLog = 0;
		};
		9AE3FD980936497A945C19C9 /* Check Pods Manifest.lock */ = {
			isa = PBXShellScriptBuildPhase;
			buildActionMask = 2147483647;
			files = (
			);
			inputPaths = (
			);
			name = "Check Pods Manifest.lock";
			outputPaths = (
			);
			runOnlyForDeploymentPostprocessing = 0;
			shellPath = /bin/sh;
			shellScript = "diff \"${PODS_ROOT}/../Podfile.lock\" \"${PODS_ROOT}/Manifest.lock\" > /dev/null\nif [[ $? != 0 ]] ; then\n    cat << EOM\nerror: The sandbox is not in sync with the Podfile.lock. Run 'pod install' or update your CocoaPods installation.\nEOM\n    exit 1\nfi\n";
			showEnvVarsInLog = 0;
		};
		F4241BC30A81448C892FC06D /* Copy Pods Resources */ = {
			isa = PBXShellScriptBuildPhase;
			buildActionMask = 2147483647;
			files = (
			);
			inputPaths = (
			);
			name = "Copy Pods Resources";
			outputPaths = (
			);
			runOnlyForDeploymentPostprocessing = 0;
			shellPath = /bin/sh;
			shellScript = "\"${SRCROOT}/Pods/Pods-test-resources.sh\"\n";
			showEnvVarsInLog = 0;
		};
/* End PBXShellScriptBuildPhase section */

/* Begin PBXSourcesBuildPhase section */
		074D876F17AA1BD300985CD3 /* Sources */ = {
			isa = PBXSourcesBuildPhase;
			buildActionMask = 2147483647;
			files = (
				074D891A17AA1BD500985CD3 /* main.m in Sources */,
				074D891D17AA1BD500985CD3 /* AppDelegate.m in Sources */,
				074D892317AA1BD500985CD3 /* FlashCards.m in Sources */,
				077096AA1809D423003435FC /* SchedulerWrapper.m in Sources */,
				074D896017AA7CAB00985CD3 /* CardSprite.m in Sources */,
				074D896817AA822000985CD3 /* Card.m in Sources */,
				07DE97EA17AD55FD0013AFDC /* FirstLesson.m in Sources */,
				07ACF0E41808C82200F8B3F5 /* PlayClueCommand.m in Sources */,
				07DE97F517AE802F0013AFDC /* StandardRandomNumberGenerator.m in Sources */,
				07DE980317AF294D0013AFDC /* CardLookupTable.m in Sources */,
				072AF9ED17F8BE2B0031C89F /* LessonController.m in Sources */,
			);
			runOnlyForDeploymentPostprocessing = 0;
		};
		07EFE79117F733F600244FB2 /* Sources */ = {
			isa = PBXSourcesBuildPhase;
			buildActionMask = 2147483647;
			files = (
				07EFE7A117F733F600244FB2 /* main.m in Sources */,
				07EFE7B317F737FF00244FB2 /* CardSpec.m in Sources */,
				07EFE7B417F737FF00244FB2 /* FirstLessonSpec.m in Sources */,
				07EFE7B517F737FF00244FB2 /* StandardRandomNumberGeneratorSpec.m in Sources */,
				07EFE7B617F737FF00244FB2 /* CardLookupTableSpec.m in Sources */,
				07EFE7B717F7381700244FB2 /* Card.m in Sources */,
				07EFE7B817F7381B00244FB2 /* FirstLesson.m in Sources */,
				07EFE7B917F7381E00244FB2 /* CardLookupTable.m in Sources */,
				07ACF0E51808C82200F8B3F5 /* PlayClueCommand.m in Sources */,
				07EFE7BA17F7382100244FB2 /* StandardRandomNumberGenerator.m in Sources */,
				077096A518098EC4003435FC /* PlayClueCommandSpec.m in Sources */,
				072AF9E717F879EF0031C89F /* FlashCards.m in Sources */,
				072AF9E817F87A210031C89F /* CardSprite.m in Sources */,
				077096AD180ACBD8003435FC /* SchedulerWrapper.m in Sources */,
				072AF9EE17F8BE2B0031C89F /* LessonController.m in Sources */,
				077096AC180AC6BA003435FC /* LessonControllerSpec.m in Sources */,
			);
			runOnlyForDeploymentPostprocessing = 0;
		};
/* End PBXSourcesBuildPhase section */

/* Begin PBXVariantGroup section */
		07EFE79D17F733F600244FB2 /* InfoPlist.strings */ = {
			isa = PBXVariantGroup;
			children = (
				07EFE79E17F733F600244FB2 /* en */,
			);
			name = InfoPlist.strings;
			sourceTree = "<group>";
		};
/* End PBXVariantGroup section */

/* Begin XCBuildConfiguration section */
		074D892417AA1BD500985CD3 /* Debug */ = {
			isa = XCBuildConfiguration;
			buildSettings = {
				CLANG_WARN_BOOL_CONVERSION = YES;
				CLANG_WARN_CONSTANT_CONVERSION = YES;
				CLANG_WARN_EMPTY_BODY = YES;
				CLANG_WARN_ENUM_CONVERSION = YES;
				CLANG_WARN_INT_CONVERSION = YES;
				CLANG_WARN__DUPLICATE_METHOD_MATCH = YES;
				"CODE_SIGN_IDENTITY[sdk=iphoneos*]" = "iPhone Developer";
				GCC_C_LANGUAGE_STANDARD = gnu99;
				GCC_OPTIMIZATION_LEVEL = 0;
				GCC_PREPROCESSOR_DEFINITIONS = (
					DEBUG,
					"COCOS2D_DEBUG=1",
				);
				GCC_SYMBOLS_PRIVATE_EXTERN = NO;
				GCC_VERSION = com.apple.compilers.llvm.clang.1_0;
				GCC_WARN_64_TO_32_BIT_CONVERSION = YES;
				GCC_WARN_ABOUT_RETURN_TYPE = YES;
				GCC_WARN_UNDECLARED_SELECTOR = YES;
				GCC_WARN_UNINITIALIZED_AUTOS = YES;
				GCC_WARN_UNUSED_FUNCTION = YES;
				GCC_WARN_UNUSED_VARIABLE = YES;
				IPHONEOS_DEPLOYMENT_TARGET = 4.0;
				ONLY_ACTIVE_ARCH = YES;
				SDKROOT = iphoneos;
				TARGETED_DEVICE_FAMILY = 2;
			};
			name = Debug;
		};
		074D892517AA1BD500985CD3 /* Release */ = {
			isa = XCBuildConfiguration;
			buildSettings = {
				CLANG_WARN_BOOL_CONVERSION = YES;
				CLANG_WARN_CONSTANT_CONVERSION = YES;
				CLANG_WARN_EMPTY_BODY = YES;
				CLANG_WARN_ENUM_CONVERSION = YES;
				CLANG_WARN_INT_CONVERSION = YES;
				CLANG_WARN__DUPLICATE_METHOD_MATCH = YES;
				"CODE_SIGN_IDENTITY[sdk=iphoneos*]" = "iPhone Developer";
				GCC_C_LANGUAGE_STANDARD = gnu99;
				GCC_PREPROCESSOR_DEFINITIONS = (
					NDEBUG,
					"NS_BLOCK_ASSERTIONS=1",
				);
				GCC_VERSION = com.apple.compilers.llvm.clang.1_0;
				GCC_WARN_64_TO_32_BIT_CONVERSION = YES;
				GCC_WARN_ABOUT_RETURN_TYPE = YES;
				GCC_WARN_UNDECLARED_SELECTOR = YES;
				GCC_WARN_UNINITIALIZED_AUTOS = YES;
				GCC_WARN_UNUSED_FUNCTION = YES;
				GCC_WARN_UNUSED_VARIABLE = YES;
				IPHONEOS_DEPLOYMENT_TARGET = 4.0;
				SDKROOT = iphoneos;
				TARGETED_DEVICE_FAMILY = 2;
			};
			name = Release;
		};
		074D892717AA1BD500985CD3 /* Debug */ = {
			isa = XCBuildConfiguration;
			baseConfigurationReference = A6E5FB40DE094BBE83EEE774 /* Pods.xcconfig */;
			buildSettings = {
				ALWAYS_SEARCH_USER_PATHS = NO;
				CLANG_ENABLE_OBJC_ARC = YES;
				COPY_PHASE_STRIP = NO;
				GCC_DYNAMIC_NO_PIC = NO;
				GCC_PRECOMPILE_PREFIX_HEADER = YES;
				GCC_PREFIX_HEADER = FlashCardsiOS/Prefix.pch;
				HEADER_SEARCH_PATHS = "$(inherited)";
				INFOPLIST_FILE = FlashCardsiOS/Resources/Info.plist;
				OTHER_LDFLAGS = "$(inherited)";
				PRODUCT_NAME = "$(TARGET_NAME)";
				WRAPPER_EXTENSION = app;
			};
			name = Debug;
		};
		074D892817AA1BD500985CD3 /* Release */ = {
			isa = XCBuildConfiguration;
			baseConfigurationReference = A6E5FB40DE094BBE83EEE774 /* Pods.xcconfig */;
			buildSettings = {
				ALWAYS_SEARCH_USER_PATHS = NO;
				CLANG_ENABLE_OBJC_ARC = YES;
				COPY_PHASE_STRIP = YES;
				GCC_PRECOMPILE_PREFIX_HEADER = YES;
				GCC_PREFIX_HEADER = FlashCardsiOS/Prefix.pch;
				HEADER_SEARCH_PATHS = "$(inherited)";
				INFOPLIST_FILE = FlashCardsiOS/Resources/Info.plist;
				OTHER_LDFLAGS = "$(inherited)";
				PRODUCT_NAME = "$(TARGET_NAME)";
				VALIDATE_PRODUCT = YES;
				WRAPPER_EXTENSION = app;
			};
			name = Release;
		};
		07EFE7A317F733F600244FB2 /* Debug */ = {
			isa = XCBuildConfiguration;
			baseConfigurationReference = ABF285CC13FB4D8DAB2129C2 /* Pods-test.xcconfig */;
			buildSettings = {
				ALWAYS_SEARCH_USER_PATHS = NO;
				CLANG_CXX_LANGUAGE_STANDARD = "gnu++0x";
				CLANG_CXX_LIBRARY = "libc++";
				CLANG_ENABLE_OBJC_ARC = YES;
				CLANG_WARN_CONSTANT_CONVERSION = YES;
				CLANG_WARN_EMPTY_BODY = YES;
				CLANG_WARN_ENUM_CONVERSION = YES;
				CLANG_WARN_INT_CONVERSION = YES;
				CLANG_WARN__DUPLICATE_METHOD_MATCH = YES;
				"CODE_SIGN_IDENTITY[sdk=iphoneos*]" = "iPhone Developer";
				COPY_PHASE_STRIP = NO;
				GCC_DYNAMIC_NO_PIC = NO;
				GCC_PRECOMPILE_PREFIX_HEADER = YES;
				GCC_PREFIX_HEADER = "SpecsPods/SpecsPods-Prefix.pch";
				GCC_PREPROCESSOR_DEFINITIONS = (
					"DEBUG=1",
					"$(inherited)",
				);
				GCC_WARN_UNINITIALIZED_AUTOS = YES;
				HEADER_SEARCH_PATHS = (
					"\"FlashCardsiOS/libs/kazmath/include\"",
					"$(inherited)",
				);
				INFOPLIST_FILE = "SpecsPods/SpecsPods-Info.plist";
				IPHONEOS_DEPLOYMENT_TARGET = 7.0;
				ONLY_ACTIVE_ARCH = YES;
				OTHER_LDFLAGS = (
					"-ObjC",
					"-lz",
					"-framework",
					AVFoundation,
					"-framework",
					AudioToolbox,
					"-framework",
					CoreText,
					"-framework",
					GameKit,
					"-framework",
					OpenAL,
					"-framework",
					OpenGLES,
					"-framework",
					QuartzCore,
				);
				PRODUCT_NAME = "$(TARGET_NAME)";
				TARGETED_DEVICE_FAMILY = "1,2";
				WRAPPER_EXTENSION = app;
			};
			name = Debug;
		};
		07EFE7A417F733F600244FB2 /* Release */ = {
			isa = XCBuildConfiguration;
			baseConfigurationReference = ABF285CC13FB4D8DAB2129C2 /* Pods-test.xcconfig */;
			buildSettings = {
				ALWAYS_SEARCH_USER_PATHS = NO;
				CLANG_CXX_LANGUAGE_STANDARD = "gnu++0x";
				CLANG_CXX_LIBRARY = "libc++";
				CLANG_ENABLE_OBJC_ARC = YES;
				CLANG_WARN_CONSTANT_CONVERSION = YES;
				CLANG_WARN_EMPTY_BODY = YES;
				CLANG_WARN_ENUM_CONVERSION = YES;
				CLANG_WARN_INT_CONVERSION = YES;
				CLANG_WARN__DUPLICATE_METHOD_MATCH = YES;
				"CODE_SIGN_IDENTITY[sdk=iphoneos*]" = "iPhone Developer";
				COPY_PHASE_STRIP = YES;
				GCC_PRECOMPILE_PREFIX_HEADER = YES;
				GCC_PREFIX_HEADER = "SpecsPods/SpecsPods-Prefix.pch";
				GCC_WARN_UNINITIALIZED_AUTOS = YES;
				HEADER_SEARCH_PATHS = (
					"\"FlashCardsiOS/libs/kazmath/include\"",
					"$(inherited)",
				);
				INFOPLIST_FILE = "SpecsPods/SpecsPods-Info.plist";
				IPHONEOS_DEPLOYMENT_TARGET = 7.0;
				OTHER_CFLAGS = "-DNS_BLOCK_ASSERTIONS=1";
				OTHER_LDFLAGS = (
					"-ObjC",
					"-lz",
					"-framework",
					AVFoundation,
					"-framework",
					AudioToolbox,
					"-framework",
					CoreText,
					"-framework",
					GameKit,
					"-framework",
					OpenAL,
					"-framework",
					OpenGLES,
					"-framework",
					QuartzCore,
				);
				PRODUCT_NAME = "$(TARGET_NAME)";
				TARGETED_DEVICE_FAMILY = "1,2";
				VALIDATE_PRODUCT = YES;
				WRAPPER_EXTENSION = app;
			};
			name = Release;
		};
/* End XCBuildConfiguration section */

/* Begin XCConfigurationList section */
		074D876E17AA1BD300985CD3 /* Build configuration list for PBXProject "FlashCardsiOS" */ = {
			isa = XCConfigurationList;
			buildConfigurations = (
				074D892417AA1BD500985CD3 /* Debug */,
				074D892517AA1BD500985CD3 /* Release */,
			);
			defaultConfigurationIsVisible = 0;
			defaultConfigurationName = Release;
		};
		074D892617AA1BD500985CD3 /* Build configuration list for PBXNativeTarget "FlashCardsiOS" */ = {
			isa = XCConfigurationList;
			buildConfigurations = (
				074D892717AA1BD500985CD3 /* Debug */,
				074D892817AA1BD500985CD3 /* Release */,
			);
			defaultConfigurationIsVisible = 0;
			defaultConfigurationName = Release;
		};
		07EFE7AA17F733F600244FB2 /* Build configuration list for PBXNativeTarget "Specs" */ = {
			isa = XCConfigurationList;
			buildConfigurations = (
				07EFE7A317F733F600244FB2 /* Debug */,
				07EFE7A417F733F600244FB2 /* Release */,
			);
			defaultConfigurationIsVisible = 0;
			defaultConfigurationName = Release;
		};
/* End XCConfigurationList section */
	};
	rootObject = 074D876B17AA1BD300985CD3 /* Project object */;
}
